
Microsoft Visual Studio Solution File, Format Version 12.00
# Visual Studio Version 17
VisualStudioVersion = 17.6.33801.468
MinimumVisualStudioVersion = 10.0.40219.1
Project("{9A19103F-16F7-4668-BE54-9A1E7A4F7556}") = "CadastroFuncionarios", "CadastroFuncionarios.csproj", "{DDC68914-5D8C-4454-B3B3-5E6E78D43C73}"
EndProject
Global
	GlobalSection(SolutionConfigurationPlatforms) = preSolution
		Debug|Any CPU = Debug|Any CPU
		Release|Any CPU = Release|Any CPU
	EndGlobalSection
	GlobalSection(ProjectConfigurationPlatforms) = postSolution
		{DDC68914-5D8C-4454-B3B3-5E6E78D43C73}.Debug|Any CPU.ActiveCfg = Debug|Any CPU
		{DDC68914-5D8C-4454-B3B3-5E6E78D43C73}.Debug|Any CPU.Build.0 = Debug|Any CPU
		{DDC68914-5D8C-4454-B3B3-5E6E78D43C73}.Release|Any CPU.ActiveCfg = Release|Any CPU
		{DDC68914-5D8C-4454-B3B3-5E6E78D43C73}.Release|Any CPU.Build.0 = Release|Any CPU
	EndGlobalSection
	GlobalSection(SolutionProperties) = preSolution
		HideSolutionNode = FALSE
	EndGlobalSection
	GlobalSection(ExtensibilityGlobals) = postSolution
		SolutionGuid = {506A0437-AB31-465D-B11A-548FA7F8FA6A}
	EndGlobalSection
EndGlobal
